
Microsoft Visual Studio Solution File, Format Version 12.00
# Visual Studio Version 17
VisualStudioVersion = 17.3.32825.248
MinimumVisualStudioVersion = 10.0.40219.1
Project("{8BC9CEB8-8B4A-11D0-8D11-00A0C91BC942}") = "TestCases", "TestCases\TestCases.vcxproj", "{89FF21E7-C882-4540-AE92-5B6B67BEB47A}"
	ProjectSection(ProjectDependencies) = postProject
		{82413437-E275-47B8-93AC-19DC144858A3} = {82413437-E275-47B8-93AC-19DC144858A3}
	EndProjectSection
EndProject
Project("{8BC9CEB8-8B4A-11D0-8D11-00A0C91BC942}") = "BlackBox", "BlackBox\BlackBox.vcxproj", "{82413437-E275-47B8-93AC-19DC144858A3}"
EndProject
Global
	GlobalSection(SolutionConfigurationPlatforms) = preSolution
		Debug|x64 = Debug|x64
		Debug|x86 = Debug|x86
		Release|x64 = Release|x64
		Release|x86 = Release|x86
	EndGlobalSection
	GlobalSection(ProjectConfigurationPlatforms) = postSolution
		{89FF21E7-C882-4540-AE92-5B6B67BEB47A}.Debug|x64.ActiveCfg = Debug|x64
		{89FF21E7-C882-4540-AE92-5B6B67BEB47A}.Debug|x64.Build.0 = Debug|x64
		{89FF21E7-C882-4540-AE92-5B6B67BEB47A}.Debug|x86.ActiveCfg = Debug|Win32
		{89FF21E7-C882-4540-AE92-5B6B67BEB47A}.Debug|x86.Build.0 = Debug|Win32
		{89FF21E7-C882-4540-AE92-5B6B67BEB47A}.Release|x64.ActiveCfg = Release|x64
		{89FF21E7-C882-4540-AE92-5B6B67BEB47A}.Release|x64.Build.0 = Release|x64
		{89FF21E7-C882-4540-AE92-5B6B67BEB47A}.Release|x86.ActiveCfg = Release|Win32
		{89FF21E7-C882-4540-AE92-5B6B67BEB47A}.Release|x86.Build.0 = Release|Win32
		{82413437-E275-47B8-93AC-19DC144858A3}.Debug|x64.ActiveCfg = Debug|x64
		{82413437-E275-47B8-93AC-19DC144858A3}.Debug|x64.Build.0 = Debug|x64
		{82413437-E275-47B8-93AC-19DC144858A3}.Debug|x86.ActiveCfg = Debug|Win32
		{82413437-E275-47B8-93AC-19DC144858A3}.Debug|x86.Build.0 = Debug|Win32
		{82413437-E275-47B8-93AC-19DC144858A3}.Release|x64.ActiveCfg = Release|x64
		{82413437-E275-47B8-93AC-19DC144858A3}.Release|x64.Build.0 = Release|x64
		{82413437-E275-47B8-93AC-19DC144858A3}.Release|x86.ActiveCfg = Release|Win32
		{82413437-E275-47B8-93AC-19DC144858A3}.Release|x86.Build.0 = Release|Win32
	EndGlobalSection
	GlobalSection(SolutionProperties) = preSolution
		HideSolutionNode = FALSE
	EndGlobalSection
	GlobalSection(ExtensibilityGlobals) = postSolution
		SolutionGuid = {36306016-06EC-422A-BC0A-184F46021FDA}
	EndGlobalSection
EndGlobal
